// !$*UTF8*$!
{
	archiveVersion = 1;
	classes = {
	};
	objectVersion = 55;
	objects = {

/* Begin PBXBuildFile section */
		CB5E76A42985362000AC6651 /* DailyNoteClone1App.swift in Sources */ = {isa = PBXBuildFile; fileRef = CB5E76A32985362000AC6651 /* DailyNoteClone1App.swift */; };
		CB5E76A62985362000AC6651 /* ContentView.swift in Sources */ = {isa = PBXBuildFile; fileRef = CB5E76A52985362000AC6651 /* ContentView.swift */; };
		CB5E76A82985362100AC6651 /* Assets.xcassets in Resources */ = {isa = PBXBuildFile; fileRef = CB5E76A72985362100AC6651 /* Assets.xcassets */; };
		CB5E76AB2985362100AC6651 /* Preview Assets.xcassets in Resources */ = {isa = PBXBuildFile; fileRef = CB5E76AA2985362100AC6651 /* Preview Assets.xcassets */; };
		CB5E76AD2985362100AC6651 /* Persistence.swift in Sources */ = {isa = PBXBuildFile; fileRef = CB5E76AC2985362100AC6651 /* Persistence.swift */; };
		CB5E76B02985362100AC6651 /* DailyNoteClone1.xcdatamodeld in Sources */ = {isa = PBXBuildFile; fileRef = CB5E76AE2985362100AC6651 /* DailyNoteClone1.xcdatamodeld */; };
		CB5E76B7298537EE00AC6651 /* MainView.swift in Sources */ = {isa = PBXBuildFile; fileRef = CB5E76B6298537EE00AC6651 /* MainView.swift */; };
		CB5E76B92985392B00AC6651 /* MenuView.swift in Sources */ = {isa = PBXBuildFile; fileRef = CB5E76B82985392B00AC6651 /* MenuView.swift */; };
/* End PBXBuildFile section */

/* Begin PBXFileReference section */
		CB5E76A02985362000AC6651 /* DailyNoteClone1.app */ = {isa = PBXFileReference; explicitFileType = wrapper.application; includeInIndex = 0; path = DailyNoteClone1.app; sourceTree = BUILT_PRODUCTS_DIR; };
		CB5E76A32985362000AC6651 /* DailyNoteClone1App.swift */ = {isa = PBXFileReference; lastKnownFileType = sourcecode.swift; path = DailyNoteClone1App.swift; sourceTree = "<group>"; };
		CB5E76A52985362000AC6651 /* ContentView.swift */ = {isa = PBXFileReference; lastKnownFileType = sourcecode.swift; path = ContentView.swift; sourceTree = "<group>"; };
		CB5E76A72985362100AC6651 /* Assets.xcassets */ = {isa = PBXFileReference; lastKnownFileType = folder.assetcatalog; path = Assets.xcassets; sourceTree = "<group>"; };
		CB5E76AA2985362100AC6651 /* Preview Assets.xcassets */ = {isa = PBXFileReference; lastKnownFileType = folder.assetcatalog; path = "Preview Assets.xcassets"; sourceTree = "<group>"; };
		CB5E76AC2985362100AC6651 /* Persistence.swift */ = {isa = PBXFileReference; lastKnownFileType = sourcecode.swift; path = Persistence.swift; sourceTree = "<group>"; };
		CB5E76AF2985362100AC6651 /* DailyNoteClone1.xcdatamodel */ = {isa = PBXFileReference; lastKnownFileType = wrapper.xcdatamodel; path = DailyNoteClone1.xcdatamodel; sourceTree = "<group>"; };
		CB5E76B6298537EE00AC6651 /* MainView.swift */ = {isa = PBXFileReference; lastKnownFileType = sourcecode.swift; path = MainView.swift; sourceTree = "<group>"; };
		CB5E76B82985392B00AC6651 /* MenuView.swift */ = {isa = PBXFileReference; lastKnownFileType = sourcecode.swift; path = MenuView.swift; sourceTree = "<group>"; };
/* End PBXFileReference section */

/* Begin PBXFrameworksBuildPhase section */
		CB5E769D2985362000AC6651 /* Frameworks */ = {
			isa = PBXFrameworksBuildPhase;
			buildActionMask = 2147483647;
			files = (
			);
			runOnlyForDeploymentPostprocessing = 0;
		};
/* End PBXFrameworksBuildPhase section */

/* Begin PBXGroup section */
		CB5E76972985362000AC6651 = {
			isa = PBXGroup;
			children = (
				CB5E76A22985362000AC6651 /* DailyNoteClone1 */,
				CB5E76A12985362000AC6651 /* Products */,
			);
			sourceTree = "<group>";
		};
		CB5E76A12985362000AC6651 /* Products */ = {
			isa = PBXGroup;
			children = (
				CB5E76A02985362000AC6651 /* DailyNoteClone1.app */,
			);
			name = Products;
			sourceTree = "<group>";
		};
		CB5E76A22985362000AC6651 /* DailyNoteClone1 */ = {
			isa = PBXGroup;
			children = (
				CB5E76B82985392B00AC6651 /* MenuView.swift */,
				CB5E76B6298537EE00AC6651 /* MainView.swift */,
				CB5E76A32985362000AC6651 /* DailyNoteClone1App.swift */,
				CB5E76A52985362000AC6651 /* ContentView.swift */,
				CB5E76A72985362100AC6651 /* Assets.xcassets */,
				CB5E76AC2985362100AC6651 /* Persistence.swift */,
				CB5E76AE2985362100AC6651 /* DailyNoteClone1.xcdatamodeld */,
				CB5E76A92985362100AC6651 /* Preview Content */,
			);
			path = DailyNoteClone1;
			sourceTree = "<group>";
		};
		CB5E76A92985362100AC6651 /* Preview Content */ = {
			isa = PBXGroup;
			children = (
				CB5E76AA2985362100AC6651 /* Preview Assets.xcassets */,
			);
			path = "Preview Content";
			sourceTree = "<group>";
		};
/* End PBXGroup section */

/* Begin PBXNativeTarget section */
		CB5E769F2985362000AC6651 /* DailyNoteClone1 */ = {
			isa = PBXNativeTarget;
			buildConfigurationList = CB5E76B32985362100AC6651 /* Build configuration list for PBXNativeTarget "DailyNoteClone1" */;
			buildPhases = (
				CB5E769C2985362000AC6651 /* Sources */,
				CB5E769D2985362000AC6651 /* Frameworks */,
				CB5E769E2985362000AC6651 /* Resources */,
			);
			buildRules = (
			);
			dependencies = (
			);
			name = DailyNoteClone1;
			productName = DailyNoteClone1;
			productReference = CB5E76A02985362000AC6651 /* DailyNoteClone1.app */;
			productType = "com.apple.product-type.application";
		};
/* End PBXNativeTarget section */

/* Begin PBXProject section */
		CB5E76982985362000AC6651 /* Project object */ = {
			isa = PBXProject;
			attributes = {
				BuildIndependentTargetsInParallel = 1;
				LastSwiftUpdateCheck = 1340;
				LastUpgradeCheck = 1340;
				TargetAttributes = {
					CB5E769F2985362000AC6651 = {
						CreatedOnToolsVersion = 13.4.1;
					};
				};
			};
			buildConfigurationList = CB5E769B2985362000AC6651 /* Build configuration list for PBXProject "DailyNoteClone1" */;
			compatibilityVersion = "Xcode 13.0";
			developmentRegion = en;
			hasScannedForEncodings = 0;
			knownRegions = (
				en,
				Base,
			);
			mainGroup = CB5E76972985362000AC6651;
			productRefGroup = CB5E76A12985362000AC6651 /* Products */;
			projectDirPath = "";
			projectRoot = "";
			targets = (
				CB5E769F2985362000AC6651 /* DailyNoteClone1 */,
			);
		};
/* End PBXProject section */

/* Begin PBXResourcesBuildPhase section */
		CB5E769E2985362000AC6651 /* Resources */ = {
			isa = PBXResourcesBuildPhase;
			buildActionMask = 2147483647;
			files = (
				CB5E76AB2985362100AC6651 /* Preview Assets.xcassets in Resources */,
				CB5E76A82985362100AC6651 /* Assets.xcassets in Resources */,
			);
			runOnlyForDeploymentPostprocessing = 0;
		};
/* End PBXResourcesBuildPhase section */

/* Begin PBXSourcesBuildPhase section */
		CB5E769C2985362000AC6651 /* Sources */ = {
			isa = PBXSourcesBuildPhase;
			buildActionMask = 2147483647;
			files = (
				CB5E76AD2985362100AC6651 /* Persistence.swift in Sources */,
				CB5E76B92985392B00AC6651 /* MenuView.swift in Sources */,
				CB5E76A62985362000AC6651 /* ContentView.swift in Sources */,
				CB5E76A42985362000AC6651 /* DailyNoteClone1App.swift in Sources */,
				CB5E76B7298537EE00AC6651 /* MainView.swift in Sources */,
				CB5E76B02985362100AC6651 /* DailyNoteClone1.xcdatamodeld in Sources */,
			);
			runOnlyForDeploymentPostprocessing = 0;
		};
/* End PBXSourcesBuildPhase section */

/* Begin XCBuildConfiguration section */
		CB5E76B12985362100AC6651 /* Debug */ = {
			isa = XCBuildConfiguration;
			buildSettings = {
				ALWAYS_SEARCH_USER_PATHS = NO;
				CLANG_ANALYZER_NONNULL = YES;
				CLANG_ANALYZER_NUMBER_OBJECT_CONVERSION = YES_AGGRESSIVE;
				CLANG_CXX_LANGUAGE_STANDARD = "gnu++17";
				CLANG_ENABLE_MODULES = YES;
				CLANG_ENABLE_OBJC_ARC = YES;
				CLANG_ENABLE_OBJC_WEAK = YES;
				CLANG_WARN_BLOCK_CAPTURE_AUTORELEASING = YES;
				CLANG_WARN_BOOL_CONVERSION = YES;
				CLANG_WARN_COMMA = YES;
				CLANG_WARN_CONSTANT_CONVERSION = YES;
				CLANG_WARN_DEPRECATED_OBJC_IMPLEMENTATIONS = YES;
				CLANG_WARN_DIRECT_OBJC_ISA_USAGE = YES_ERROR;
				CLANG_WARN_DOCUMENTATION_COMMENTS = YES;
				CLANG_WARN_EMPTY_BODY = YES;
				CLANG_WARN_ENUM_CONVERSION = YES;
				CLANG_WARN_INFINITE_RECURSION = YES;
				CLANG_WARN_INT_CONVERSION = YES;
				CLANG_WARN_NON_LITERAL_NULL_CONVERSION = YES;
				CLANG_WARN_OBJC_IMPLICIT_RETAIN_SELF = YES;
				CLANG_WARN_OBJC_LITERAL_CONVERSION = YES;
				CLANG_WARN_OBJC_ROOT_CLASS = YES_ERROR;
				CLANG_WARN_QUOTED_INCLUDE_IN_FRAMEWORK_HEADER = YES;
				CLANG_WARN_RANGE_LOOP_ANALYSIS = YES;
				CLANG_WARN_STRICT_PROTOTYPES = YES;
				CLANG_WARN_SUSPICIOUS_MOVE = YES;
				CLANG_WARN_UNGUARDED_AVAILABILITY = YES_AGGRESSIVE;
				CLANG_WARN_UNREACHABLE_CODE = YES;
				CLANG_WARN__DUPLICATE_METHOD_MATCH = YES;
				COPY_PHASE_STRIP = NO;
				DEBUG_INFORMATION_FORMAT = dwarf;
				ENABLE_STRICT_OBJC_MSGSEND = YES;
				ENABLE_TESTABILITY = YES;
				GCC_C_LANGUAGE_STANDARD = gnu11;
				GCC_DYNAMIC_NO_PIC = NO;
				GCC_NO_COMMON_BLOCKS = YES;
				GCC_OPTIMIZATION_LEVEL = 0;
				GCC_PREPROCESSOR_DEFINITIONS = (
					"DEBUG=1",
					"$(inherited)",
				);
				GCC_WARN_64_TO_32_BIT_CONVERSION = YES;
				GCC_WARN_ABOUT_RETURN_TYPE = YES_ERROR;
				GCC_WARN_UNDECLARED_SELECTOR = YES;
				GCC_WARN_UNINITIALIZED_AUTOS = YES_AGGRESSIVE;
				GCC_WARN_UNUSED_FUNCTION = YES;
				GCC_WARN_UNUSED_VARIABLE = YES;
				IPHONEOS_DEPLOYMENT_TARGET = 15.5;
				MTL_ENABLE_DEBUG_INFO = INCLUDE_SOURCE;
				MTL_FAST_MATH = YES;
				ONLY_ACTIVE_ARCH = YES;
				SDKROOT = iphoneos;
				SWIFT_ACTIVE_COMPILATION_CONDITIONS = DEBUG;
				SWIFT_OPTIMIZATION_LEVEL = "-Onone";
			};
			name = Debug;
		};
		CB5E76B22985362100AC6651 /* Release */ = {
			isa = XCBuildConfiguration;
			buildSettings = {
				ALWAYS_SEARCH_USER_PATHS = NO;
				CLANG_ANALYZER_NONNULL = YES;
				CLANG_ANALYZER_NUMBER_OBJECT_CONVERSION = YES_AGGRESSIVE;
				CLANG_CXX_LANGUAGE_STANDARD = "gnu++17";
				CLANG_ENABLE_MODULES = YES;
				CLANG_ENABLE_OBJC_ARC = YES;
				CLANG_ENABLE_OBJC_WEAK = YES;
				CLANG_WARN_BLOCK_CAPTURE_AUTORELEASING = YES;
				CLANG_WARN_BOOL_CONVERSION = YES;
				CLANG_WARN_COMMA = YES;
				CLANG_WARN_CONSTANT_CONVERSION = YES;
				CLANG_WARN_DEPRECATED_OBJC_IMPLEMENTATIONS = YES;
				CLANG_WARN_DIRECT_OBJC_ISA_USAGE = YES_ERROR;
				CLANG_WARN_DOCUMENTATION_COMMENTS = YES;
				CLANG_WARN_EMPTY_BODY = YES;
				CLANG_WARN_ENUM_CONVERSION = YES;
				CLANG_WARN_INFINITE_RECURSION = YES;
				CLANG_WARN_INT_CONVERSION = YES;
				CLANG_WARN_NON_LITERAL_NULL_CONVERSION = YES;
				CLANG_WARN_OBJC_IMPLICIT_RETAIN_SELF = YES;
				CLANG_WARN_OBJC_LITERAL_CONVERSION = YES;
				CLANG_WARN_OBJC_ROOT_CLASS = YES_ERROR;
				CLANG_WARN_QUOTED_INCLUDE_IN_FRAMEWORK_HEADER = YES;
				CLANG_WARN_RANGE_LOOP_ANALYSIS = YES;
				CLANG_WARN_STRICT_PROTOTYPES = YES;
				CLANG_WARN_SUSPICIOUS_MOVE = YES;
				CLANG_WARN_UNGUARDED_AVAILABILITY = YES_AGGRESSIVE;
				CLANG_WARN_UNREACHABLE_CODE = YES;
				CLANG_WARN__DUPLICATE_METHOD_MATCH = YES;
				COPY_PHASE_STRIP = NO;
				DEBUG_INFORMATION_FORMAT = "dwarf-with-dsym";
				ENABLE_NS_ASSERTIONS = NO;
				ENABLE_STRICT_OBJC_MSGSEND = YES;
				GCC_C_LANGUAGE_STANDARD = gnu11;
				GCC_NO_COMMON_BLOCKS = YES;
				GCC_WARN_64_TO_32_BIT_CONVERSION = YES;
				GCC_WARN_ABOUT_RETURN_TYPE = YES_ERROR;
				GCC_WARN_UNDECLARED_SELECTOR = YES;
				GCC_WARN_UNINITIALIZED_AUTOS = YES_AGGRESSIVE;
				GCC_WARN_UNUSED_FUNCTION = YES;
				GCC_WARN_UNUSED_VARIABLE = YES;
				IPHONEOS_DEPLOYMENT_TARGET = 15.5;
				MTL_ENABLE_DEBUG_INFO = NO;
				MTL_FAST_MATH = YES;
				SDKROOT = iphoneos;
				SWIFT_COMPILATION_MODE = wholemodule;
				SWIFT_OPTIMIZATION_LEVEL = "-O";
				VALIDATE_PRODUCT = YES;
			};
			name = Release;
		};
		CB5E76B42985362100AC6651 /* Debug */ = {
			isa = XCBuildConfiguration;
			buildSettings = {
				ASSETCATALOG_COMPILER_APPICON_NAME = AppIcon;
				ASSETCATALOG_COMPILER_GLOBAL_ACCENT_COLOR_NAME = AccentColor;
				CODE_SIGN_STYLE = Automatic;
				CURRENT_PROJECT_VERSION = 1;
				DEVELOPMENT_ASSET_PATHS = "\"DailyNoteClone1/Preview Content\"";
				DEVELOPMENT_TEAM = L9J3VF6GK2;
				ENABLE_PREVIEWS = YES;
				GENERATE_INFOPLIST_FILE = YES;
				INFOPLIST_KEY_UIApplicationSceneManifest_Generation = YES;
				INFOPLIST_KEY_UIApplicationSupportsIndirectInputEvents = YES;
				INFOPLIST_KEY_UILaunchScreen_Generation = YES;
				INFOPLIST_KEY_UISupportedInterfaceOrientations_iPad = "UIInterfaceOrientationPortrait UIInterfaceOrientationPortraitUpsideDown UIInterfaceOrientationLandscapeLeft UIInterfaceOrientationLandscapeRight";
				INFOPLIST_KEY_UISupportedInterfaceOrientations_iPhone = "UIInterfaceOrientationPortrait UIInterfaceOrientationLandscapeLeft UIInterfaceOrientationLandscapeRight";
				LD_RUNPATH_SEARCH_PATHS = (
					"$(inherited)",
					"@executable_path/Frameworks",
				);
				MARKETING_VERSION = 1.0;
				PRODUCT_BUNDLE_IDENTIFIER = ios.practice.DailyNoteClone1;
				PRODUCT_NAME = "$(TARGET_NAME)";
				SWIFT_EMIT_LOC_STRINGS = YES;
				SWIFT_VERSION = 5.0;
				TARGETED_DEVICE_FAMILY = "1,2";
			};
			name = Debug;
		};
		CB5E76B52985362100AC6651 /* Release */ = {
			isa = XCBuildConfiguration;
			buildSettings = {
				ASSETCATALOG_COMPILER_APPICON_NAME = AppIcon;
				ASSETCATALOG_COMPILER_GLOBAL_ACCENT_COLOR_NAME = AccentColor;
				CODE_SIGN_STYLE = Automatic;
				CURRENT_PROJECT_VERSION = 1;
				DEVELOPMENT_ASSET_PATHS = "\"DailyNoteClone1/Preview Content\"";
				DEVELOPMENT_TEAM = L9J3VF6GK2;
				ENABLE_PREVIEWS = YES;
				GENERATE_INFOPLIST_FILE = YES;
				INFOPLIST_KEY_UIApplicationSceneManifest_Generation = YES;
				INFOPLIST_KEY_UIApplicationSupportsIndirectInputEvents = YES;
				INFOPLIST_KEY_UILaunchScreen_Generation = YES;
				INFOPLIST_KEY_UISupportedInterfaceOrientations_iPad = "UIInterfaceOrientationPortrait UIInterfaceOrientationPortraitUpsideDown UIInterfaceOrientationLandscapeLeft UIInterfaceOrientationLandscapeRight";
				INFOPLIST_KEY_UISupportedInterfaceOrientations_iPhone = "UIInterfaceOrientationPortrait UIInterfaceOrientationLandscapeLeft UIInterfaceOrientationLandscapeRight";
				LD_RUNPATH_SEARCH_PATHS = (
					"$(inherited)",
					"@executable_path/Frameworks",
				);
				MARKETING_VERSION = 1.0;
				PRODUCT_BUNDLE_IDENTIFIER = ios.practice.DailyNoteClone1;
				PRODUCT_NAME = "$(TARGET_NAME)";
				SWIFT_EMIT_LOC_STRINGS = YES;
				SWIFT_VERSION = 5.0;
				TARGETED_DEVICE_FAMILY = "1,2";
			};
			name = Release;
		};
/* End XCBuildConfiguration section */

/* Begin XCConfigurationList section */
		CB5E769B2985362000AC6651 /* Build configuration list for PBXProject "DailyNoteClone1" */ = {
			isa = XCConfigurationList;
			buildConfigurations = (
				CB5E76B12985362100AC6651 /* Debug */,
				CB5E76B22985362100AC6651 /* Release */,
			);
			defaultConfigurationIsVisible = 0;
			defaultConfigurationName = Release;
		};
		CB5E76B32985362100AC6651 /* Build configuration list for PBXNativeTarget "DailyNoteClone1" */ = {
			isa = XCConfigurationList;
			buildConfigurations = (
				CB5E76B42985362100AC6651 /* Debug */,
				CB5E76B52985362100AC6651 /* Release */,
			);
			defaultConfigurationIsVisible = 0;
			defaultConfigurationName = Release;
		};
/* End XCConfigurationList section */

/* Begin XCVersionGroup section */
		CB5E76AE2985362100AC6651 /* DailyNoteClone1.xcdatamodeld */ = {
			isa = XCVersionGroup;
			children = (
				CB5E76AF2985362100AC6651 /* DailyNoteClone1.xcdatamodel */,
			);
			currentVersion = CB5E76AF2985362100AC6651 /* DailyNoteClone1.xcdatamodel */;
			path = DailyNoteClone1.xcdatamodeld;
			sourceTree = "<group>";
			versionGroupType = wrapper.xcdatamodel;
		};
/* End XCVersionGroup section */
	};
	rootObject = CB5E76982985362000AC6651 /* Project object */;
}
